
Microsoft Visual Studio Solution File, Format Version 12.00
# Visual Studio 15
VisualStudioVersion = 15.0.27703.2035
MinimumVisualStudioVersion = 10.0.40219.1
Project("{FAE04EC0-301F-11D3-BF4B-00C04F79EFBC}") = "WPFWatermarkTextBoxSample", "WPFWatermarkTextBoxSample\WPFWatermarkTextBoxSample.csproj", "{4B1B4BA9-1969-40BC-BD50-FEE35D85D9FB}"
EndProject
Global
	GlobalSection(SolutionConfigurationPlatforms) = preSolution
		Debug|Any CPU = Debug|Any CPU
		Release|Any CPU = Release|Any CPU
	EndGlobalSection
	GlobalSection(ProjectConfigurationPlatforms) = postSolution
		{4B1B4BA9-1969-40BC-BD50-FEE35D85D9FB}.Debug|Any CPU.ActiveCfg = Debug|Any CPU
		{4B1B4BA9-1969-40BC-BD50-FEE35D85D9FB}.Debug|Any CPU.Build.0 = Debug|Any CPU
		{4B1B4BA9-1969-40BC-BD50-FEE35D85D9FB}.Release|Any CPU.ActiveCfg = Release|Any CPU
		{4B1B4BA9-1969-40BC-BD50-FEE35D85D9FB}.Release|Any CPU.Build.0 = Release|Any CPU
	EndGlobalSection
	GlobalSection(SolutionProperties) = preSolution
		HideSolutionNode = FALSE
	EndGlobalSection
	GlobalSection(ExtensibilityGlobals) = postSolution
		SolutionGuid = {FBBBE688-1FF9-40DB-B611-4F2C41671A53}
	EndGlobalSection
EndGlobal
